
Microsoft Visual Studio Solution File, Format Version 12.00
# Visual Studio Version 16
VisualStudioVersion = 16.0.31424.327
MinimumVisualStudioVersion = 10.0.40219.1
Project("{8BC9CEB8-8B4A-11D0-8D11-00A0C91BC942}") = "HackAnyGame", "HackAnyGame\HackAnyGame.vcxproj", "{80855646-5DEA-4F8D-920F-73C922EF34F5}"
EndProject
Global
	GlobalSection(SolutionConfigurationPlatforms) = preSolution
		Debug|x64 = Debug|x64
		Debug|x86 = Debug|x86
		Release|x64 = Release|x64
		Release|x86 = Release|x86
	EndGlobalSection
	GlobalSection(ProjectConfigurationPlatforms) = postSolution
		{80855646-5DEA-4F8D-920F-73C922EF34F5}.Debug|x64.ActiveCfg = Debug|x64
		{80855646-5DEA-4F8D-920F-73C922EF34F5}.Debug|x64.Build.0 = Debug|x64
		{80855646-5DEA-4F8D-920F-73C922EF34F5}.Debug|x86.ActiveCfg = Debug|Win32
		{80855646-5DEA-4F8D-920F-73C922EF34F5}.Debug|x86.Build.0 = Debug|Win32
		{80855646-5DEA-4F8D-920F-73C922EF34F5}.Release|x64.ActiveCfg = Release|x64
		{80855646-5DEA-4F8D-920F-73C922EF34F5}.Release|x64.Build.0 = Release|x64
		{80855646-5DEA-4F8D-920F-73C922EF34F5}.Release|x86.ActiveCfg = Release|Win32
		{80855646-5DEA-4F8D-920F-73C922EF34F5}.Release|x86.Build.0 = Release|Win32
	EndGlobalSection
	GlobalSection(SolutionProperties) = preSolution
		HideSolutionNode = FALSE
	EndGlobalSection
	GlobalSection(ExtensibilityGlobals) = postSolution
		SolutionGuid = {8A610AF2-9142-437A-84FB-1A1FB447C1D3}
	EndGlobalSection
EndGlobal
